
Microsoft Visual Studio Solution File, Format Version 12.00
# Visual Studio Version 17
VisualStudioVersion = 17.2.32630.192
MinimumVisualStudioVersion = 10.0.40219.1
Project("{8BC9CEB8-8B4A-11D0-8D11-00A0C91BC942}") = "kisiSinifi", "kisiSinifi.vcxproj", "{CA9E43D9-3202-4146-8958-83ECA1C6B1E9}"
EndProject
Global
	GlobalSection(SolutionConfigurationPlatforms) = preSolution
		Debug|x64 = Debug|x64
		Debug|x86 = Debug|x86
		Release|x64 = Release|x64
		Release|x86 = Release|x86
	EndGlobalSection
	GlobalSection(ProjectConfigurationPlatforms) = postSolution
		{CA9E43D9-3202-4146-8958-83ECA1C6B1E9}.Debug|x64.ActiveCfg = Debug|x64
		{CA9E43D9-3202-4146-8958-83ECA1C6B1E9}.Debug|x64.Build.0 = Debug|x64
		{CA9E43D9-3202-4146-8958-83ECA1C6B1E9}.Debug|x86.ActiveCfg = Debug|Win32
		{CA9E43D9-3202-4146-8958-83ECA1C6B1E9}.Debug|x86.Build.0 = Debug|Win32
		{CA9E43D9-3202-4146-8958-83ECA1C6B1E9}.Release|x64.ActiveCfg = Release|x64
		{CA9E43D9-3202-4146-8958-83ECA1C6B1E9}.Release|x64.Build.0 = Release|x64
		{CA9E43D9-3202-4146-8958-83ECA1C6B1E9}.Release|x86.ActiveCfg = Release|Win32
		{CA9E43D9-3202-4146-8958-83ECA1C6B1E9}.Release|x86.Build.0 = Release|Win32
	EndGlobalSection
	GlobalSection(SolutionProperties) = preSolution
		HideSolutionNode = FALSE
	EndGlobalSection
	GlobalSection(ExtensibilityGlobals) = postSolution
		SolutionGuid = {6E62213D-5D1E-4D3E-AF4F-F10AA061FCBC}
	EndGlobalSection
EndGlobal
